
Microsoft Visual Studio Solution File, Format Version 12.00
# Visual Studio Version 17
VisualStudioVersion = 17.9.34321.82
MinimumVisualStudioVersion = 10.0.40219.1
Project("{FAE04EC0-301F-11D3-BF4B-00C04F79EFBC}") = "hshop", "hshop\hshop.csproj", "{32F5FD61-FD0A-4E28-93C4-88AA5FE064AD}"
EndProject
Global
	GlobalSection(SolutionConfigurationPlatforms) = preSolution
		Debug|Any CPU = Debug|Any CPU
		Release|Any CPU = Release|Any CPU
	EndGlobalSection
	GlobalSection(ProjectConfigurationPlatforms) = postSolution
		{32F5FD61-FD0A-4E28-93C4-88AA5FE064AD}.Debug|Any CPU.ActiveCfg = Debug|Any CPU
		{32F5FD61-FD0A-4E28-93C4-88AA5FE064AD}.Debug|Any CPU.Build.0 = Debug|Any CPU
		{32F5FD61-FD0A-4E28-93C4-88AA5FE064AD}.Release|Any CPU.ActiveCfg = Release|Any CPU
		{32F5FD61-FD0A-4E28-93C4-88AA5FE064AD}.Release|Any CPU.Build.0 = Release|Any CPU
	EndGlobalSection
	GlobalSection(SolutionProperties) = preSolution
		HideSolutionNode = FALSE
	EndGlobalSection
	GlobalSection(ExtensibilityGlobals) = postSolution
		SolutionGuid = {418C56CB-4507-426E-ABDF-236A707AB7A0}
	EndGlobalSection
EndGlobal
